
Microsoft Visual Studio Solution File, Format Version 12.00
# Visual Studio Version 16
VisualStudioVersion = 16.0.29201.188
MinimumVisualStudioVersion = 10.0.40219.1
Project("{FAE04EC0-301F-11D3-BF4B-00C04F79EFBC}") = "BlockchainExplorer", "BlockchainExplorer\BlockchainExplorer.csproj", "{570B13EA-EEC5-40A2-A486-E3BD034A1598}"
EndProject
Global
	GlobalSection(SolutionConfigurationPlatforms) = preSolution
		Debug|Any CPU = Debug|Any CPU
		Release|Any CPU = Release|Any CPU
	EndGlobalSection
	GlobalSection(ProjectConfigurationPlatforms) = postSolution
		{570B13EA-EEC5-40A2-A486-E3BD034A1598}.Debug|Any CPU.ActiveCfg = Debug|Any CPU
		{570B13EA-EEC5-40A2-A486-E3BD034A1598}.Debug|Any CPU.Build.0 = Debug|Any CPU
		{570B13EA-EEC5-40A2-A486-E3BD034A1598}.Release|Any CPU.ActiveCfg = Release|Any CPU
		{570B13EA-EEC5-40A2-A486-E3BD034A1598}.Release|Any CPU.Build.0 = Release|Any CPU
	EndGlobalSection
	GlobalSection(SolutionProperties) = preSolution
		HideSolutionNode = FALSE
	EndGlobalSection
	GlobalSection(ExtensibilityGlobals) = postSolution
		SolutionGuid = {12A11142-9FFB-4D89-A366-4871977F692C}
	EndGlobalSection
EndGlobal
